
Microsoft Visual Studio Solution File, Format Version 12.00
# Visual Studio Version 17
VisualStudioVersion = 17.8.34322.80
MinimumVisualStudioVersion = 10.0.40219.1
Project("{9A19103F-16F7-4668-BE54-9A1E7A4F7556}") = "Equilibrio", "Equilibrio\Equilibrio.csproj", "{91C95AF7-5656-4F6F-A181-06C283F631B1}"
EndProject
Project("{FAE04EC0-301F-11D3-BF4B-00C04F79EFBC}") = "Equilibrio.BusinessLogic", "Equilibrio.BusinessLogic\Equilibrio.BusinessLogic.csproj", "{5E1343FB-9EC3-4A6D-B975-511E97B0A5DB}"
EndProject
Project("{FAE04EC0-301F-11D3-BF4B-00C04F79EFBC}") = "Equilibrio.BusinessLogic.Library", "Equilibrio.BusinessLogic.Library\Equilibrio.BusinessLogic.Library.csproj", "{A43EAEFA-9089-420E-A4EC-2CB2121F97D1}"
EndProject
Project("{FAE04EC0-301F-11D3-BF4B-00C04F79EFBC}") = "Equilibrio.Core", "Equilibrio.Core\Equilibrio.Core.csproj", "{1F37AF8B-6231-4940-91C9-6A5FB70F6374}"
EndProject
Project("{FAE04EC0-301F-11D3-BF4B-00C04F79EFBC}") = "Equilibrio.Model", "Equilibrio.Model\Equilibrio.Model.csproj", "{1E3FB3C5-8235-4546-A8B9-25307634642B}"
EndProject
Project("{FAE04EC0-301F-11D3-BF4B-00C04F79EFBC}") = "Equilibrio.Persistence", "Equilibrio.Persistence\Equilibrio.Persistence.csproj", "{A102E5F0-3DFF-45BD-B889-69722AF14948}"
EndProject
Project("{FAE04EC0-301F-11D3-BF4B-00C04F79EFBC}") = "Equilibrio.Services", "Equilibrio.Services\Equilibrio.Services.csproj", "{B06F03FA-C568-4182-BD33-250A4A17685C}"
EndProject
Project("{FAE04EC0-301F-11D3-BF4B-00C04F79EFBC}") = "Equilibrio.Test", "Equilibrio.Test\Equilibrio.Test.csproj", "{49FE15D5-4EB0-474A-A7D1-ECDA13B611C2}"
EndProject
Global
	GlobalSection(SolutionConfigurationPlatforms) = preSolution
		Debug|Any CPU = Debug|Any CPU
		Release|Any CPU = Release|Any CPU
	EndGlobalSection
	GlobalSection(ProjectConfigurationPlatforms) = postSolution
		{91C95AF7-5656-4F6F-A181-06C283F631B1}.Debug|Any CPU.ActiveCfg = Debug|Any CPU
		{91C95AF7-5656-4F6F-A181-06C283F631B1}.Debug|Any CPU.Build.0 = Debug|Any CPU
		{91C95AF7-5656-4F6F-A181-06C283F631B1}.Release|Any CPU.ActiveCfg = Release|Any CPU
		{91C95AF7-5656-4F6F-A181-06C283F631B1}.Release|Any CPU.Build.0 = Release|Any CPU
		{5E1343FB-9EC3-4A6D-B975-511E97B0A5DB}.Debug|Any CPU.ActiveCfg = Debug|Any CPU
		{5E1343FB-9EC3-4A6D-B975-511E97B0A5DB}.Debug|Any CPU.Build.0 = Debug|Any CPU
		{5E1343FB-9EC3-4A6D-B975-511E97B0A5DB}.Release|Any CPU.ActiveCfg = Release|Any CPU
		{5E1343FB-9EC3-4A6D-B975-511E97B0A5DB}.Release|Any CPU.Build.0 = Release|Any CPU
		{A43EAEFA-9089-420E-A4EC-2CB2121F97D1}.Debug|Any CPU.ActiveCfg = Debug|Any CPU
		{A43EAEFA-9089-420E-A4EC-2CB2121F97D1}.Debug|Any CPU.Build.0 = Debug|Any CPU
		{A43EAEFA-9089-420E-A4EC-2CB2121F97D1}.Release|Any CPU.ActiveCfg = Release|Any CPU
		{A43EAEFA-9089-420E-A4EC-2CB2121F97D1}.Release|Any CPU.Build.0 = Release|Any CPU
		{1F37AF8B-6231-4940-91C9-6A5FB70F6374}.Debug|Any CPU.ActiveCfg = Debug|Any CPU
		{1F37AF8B-6231-4940-91C9-6A5FB70F6374}.Debug|Any CPU.Build.0 = Debug|Any CPU
		{1F37AF8B-6231-4940-91C9-6A5FB70F6374}.Release|Any CPU.ActiveCfg = Release|Any CPU
		{1F37AF8B-6231-4940-91C9-6A5FB70F6374}.Release|Any CPU.Build.0 = Release|Any CPU
		{1E3FB3C5-8235-4546-A8B9-25307634642B}.Debug|Any CPU.ActiveCfg = Debug|Any CPU
		{1E3FB3C5-8235-4546-A8B9-25307634642B}.Debug|Any CPU.Build.0 = Debug|Any CPU
		{1E3FB3C5-8235-4546-A8B9-25307634642B}.Release|Any CPU.ActiveCfg = Release|Any CPU
		{1E3FB3C5-8235-4546-A8B9-25307634642B}.Release|Any CPU.Build.0 = Release|Any CPU
		{A102E5F0-3DFF-45BD-B889-69722AF14948}.Debug|Any CPU.ActiveCfg = Debug|Any CPU
		{A102E5F0-3DFF-45BD-B889-69722AF14948}.Debug|Any CPU.Build.0 = Debug|Any CPU
		{A102E5F0-3DFF-45BD-B889-69722AF14948}.Release|Any CPU.ActiveCfg = Release|Any CPU
		{A102E5F0-3DFF-45BD-B889-69722AF14948}.Release|Any CPU.Build.0 = Release|Any CPU
		{B06F03FA-C568-4182-BD33-250A4A17685C}.Debug|Any CPU.ActiveCfg = Debug|Any CPU
		{B06F03FA-C568-4182-BD33-250A4A17685C}.Debug|Any CPU.Build.0 = Debug|Any CPU
		{B06F03FA-C568-4182-BD33-250A4A17685C}.Release|Any CPU.ActiveCfg = Release|Any CPU
		{B06F03FA-C568-4182-BD33-250A4A17685C}.Release|Any CPU.Build.0 = Release|Any CPU
		{49FE15D5-4EB0-474A-A7D1-ECDA13B611C2}.Debug|Any CPU.ActiveCfg = Debug|Any CPU
		{49FE15D5-4EB0-474A-A7D1-ECDA13B611C2}.Debug|Any CPU.Build.0 = Debug|Any CPU
		{49FE15D5-4EB0-474A-A7D1-ECDA13B611C2}.Release|Any CPU.ActiveCfg = Release|Any CPU
		{49FE15D5-4EB0-474A-A7D1-ECDA13B611C2}.Release|Any CPU.Build.0 = Release|Any CPU
	EndGlobalSection
	GlobalSection(SolutionProperties) = preSolution
		HideSolutionNode = FALSE
	EndGlobalSection
	GlobalSection(ExtensibilityGlobals) = postSolution
		SolutionGuid = {652947C6-5AB9-41D5-9C55-84701D41BCC7}
	EndGlobalSection
EndGlobal
